
Microsoft Visual Studio Solution File, Format Version 12.00
# Visual Studio Version 16
VisualStudioVersion = 16.0.31729.503
MinimumVisualStudioVersion = 10.0.40219.1
Project("{9A19103F-16F7-4668-BE54-9A1E7A4F7556}") = "DocumentFlow_KW", "DocumentFlow_KW\DocumentFlow_KW.csproj", "{CE7A8651-D803-4DFC-A7AB-CF7FF1EB12CD}"
EndProject
Global
	GlobalSection(SolutionConfigurationPlatforms) = preSolution
		Debug|Any CPU = Debug|Any CPU
		Release|Any CPU = Release|Any CPU
	EndGlobalSection
	GlobalSection(ProjectConfigurationPlatforms) = postSolution
		{CE7A8651-D803-4DFC-A7AB-CF7FF1EB12CD}.Debug|Any CPU.ActiveCfg = Debug|Any CPU
		{CE7A8651-D803-4DFC-A7AB-CF7FF1EB12CD}.Debug|Any CPU.Build.0 = Debug|Any CPU
		{CE7A8651-D803-4DFC-A7AB-CF7FF1EB12CD}.Release|Any CPU.ActiveCfg = Release|Any CPU
		{CE7A8651-D803-4DFC-A7AB-CF7FF1EB12CD}.Release|Any CPU.Build.0 = Release|Any CPU
	EndGlobalSection
	GlobalSection(SolutionProperties) = preSolution
		HideSolutionNode = FALSE
	EndGlobalSection
	GlobalSection(ExtensibilityGlobals) = postSolution
		SolutionGuid = {D196D537-C031-4888-B558-103AAA4026AF}
	EndGlobalSection
EndGlobal
